
Microsoft Visual Studio Solution File, Format Version 12.00
# Visual Studio 2012
Project("{FAE04EC0-301F-11D3-BF4B-00C04F79EFBC}") = "PRO190726", "PRO190726\PRO190726.csproj", "{5108D10A-B794-488A-99CF-15B738DAC4AB}"
EndProject
Project("{FAE04EC0-301F-11D3-BF4B-00C04F79EFBC}") = "Test", "Test\Test.csproj", "{A6B1BBCF-D4B9-4652-A0DA-F8F7501DC5DB}"
EndProject
Project("{FAE04EC0-301F-11D3-BF4B-00C04F79EFBC}") = "Define", "Define\Define.csproj", "{F0294DB3-E727-4594-AC52-B91D4A7B2866}"
EndProject
Project("{FAE04EC0-301F-11D3-BF4B-00C04F79EFBC}") = "XMLHelper", "XMLHelper\XMLHelper.csproj", "{CD220A41-9101-45DD-9204-BC50466D75F0}"
EndProject
Project("{FAE04EC0-301F-11D3-BF4B-00C04F79EFBC}") = "DLLProjectInfo", "DLLProjectInfo\DLLProjectInfo.csproj", "{07AF22C5-7E8B-4D1D-B207-9F06919DDC08}"
EndProject
Project("{FAE04EC0-301F-11D3-BF4B-00C04F79EFBC}") = "DLLStruct", "DLLStruct\DLLStruct.csproj", "{BB07B757-1FBD-4CDD-A21C-21EF359C007D}"
EndProject
Project("{FAE04EC0-301F-11D3-BF4B-00C04F79EFBC}") = "DLLAccess", "DLLAccess\DLLAccess.csproj", "{B7291064-3C19-4848-9DFE-3850FB231C45}"
EndProject
Project("{FAE04EC0-301F-11D3-BF4B-00C04F79EFBC}") = "DLLMemeryFile", "DLLMemeryFile\DLLMemeryFile.csproj", "{CAE2B0F4-1E9D-4376-AF09-087F9C4BBD8C}"
EndProject
Project("{FAE04EC0-301F-11D3-BF4B-00C04F79EFBC}") = "ConsoleTest", "ConsoleTest\ConsoleTest.csproj", "{5953300D-C338-480D-AB09-F290B115C48A}"
EndProject
Project("{8BC9CEB8-8B4A-11D0-8D11-00A0C91BC942}") = "BordDLL", "BordDLL\BordDLL.vcxproj", "{2E1A8938-FB36-476F-A6EB-75C51AF5D6F5}"
EndProject
Project("{8BC9CEB8-8B4A-11D0-8D11-00A0C91BC942}") = "GM_Lib", "GM_Lib\GM_Lib.vcxproj", "{F5B2B1FB-326F-4B97-AE5D-0CAAFA4D55B4}"
EndProject
Project("{FAE04EC0-301F-11D3-BF4B-00C04F79EFBC}") = "DLLBordDllImport", "DLLBordDllImport\DLLBordDllImport.csproj", "{5B8EA4BD-5C23-44F0-8A99-5711A818D247}"
EndProject
Global
	GlobalSection(SolutionConfigurationPlatforms) = preSolution
		CD_ROM|Any CPU = CD_ROM|Any CPU
		CD_ROM|Mixed Platforms = CD_ROM|Mixed Platforms
		CD_ROM|Win32 = CD_ROM|Win32
		CD_ROM|x86 = CD_ROM|x86
		Debug|Any CPU = Debug|Any CPU
		Debug|Mixed Platforms = Debug|Mixed Platforms
		Debug|Win32 = Debug|Win32
		Debug|x86 = Debug|x86
		DVD-5|Any CPU = DVD-5|Any CPU
		DVD-5|Mixed Platforms = DVD-5|Mixed Platforms
		DVD-5|Win32 = DVD-5|Win32
		DVD-5|x86 = DVD-5|x86
		Release|Any CPU = Release|Any CPU
		Release|Mixed Platforms = Release|Mixed Platforms
		Release|Win32 = Release|Win32
		Release|x86 = Release|x86
		SingleImage|Any CPU = SingleImage|Any CPU
		SingleImage|Mixed Platforms = SingleImage|Mixed Platforms
		SingleImage|Win32 = SingleImage|Win32
		SingleImage|x86 = SingleImage|x86
	EndGlobalSection
	GlobalSection(ProjectConfigurationPlatforms) = postSolution
		{5108D10A-B794-488A-99CF-15B738DAC4AB}.CD_ROM|Any CPU.ActiveCfg = Release|Any CPU
		{5108D10A-B794-488A-99CF-15B738DAC4AB}.CD_ROM|Any CPU.Build.0 = Release|Any CPU
		{5108D10A-B794-488A-99CF-15B738DAC4AB}.CD_ROM|Mixed Platforms.ActiveCfg = Release|Any CPU
		{5108D10A-B794-488A-99CF-15B738DAC4AB}.CD_ROM|Mixed Platforms.Build.0 = Release|Any CPU
		{5108D10A-B794-488A-99CF-15B738DAC4AB}.CD_ROM|Win32.ActiveCfg = Debug|Any CPU
		{5108D10A-B794-488A-99CF-15B738DAC4AB}.CD_ROM|x86.ActiveCfg = Release|Any CPU
		{5108D10A-B794-488A-99CF-15B738DAC4AB}.Debug|Any CPU.ActiveCfg = Debug|Any CPU
		{5108D10A-B794-488A-99CF-15B738DAC4AB}.Debug|Any CPU.Build.0 = Debug|Any CPU
		{5108D10A-B794-488A-99CF-15B738DAC4AB}.Debug|Mixed Platforms.ActiveCfg = Debug|Any CPU
		{5108D10A-B794-488A-99CF-15B738DAC4AB}.Debug|Mixed Platforms.Build.0 = Debug|Any CPU
		{5108D10A-B794-488A-99CF-15B738DAC4AB}.Debug|Win32.ActiveCfg = Debug|Any CPU
		{5108D10A-B794-488A-99CF-15B738DAC4AB}.Debug|x86.ActiveCfg = Debug|Any CPU
		{5108D10A-B794-488A-99CF-15B738DAC4AB}.DVD-5|Any CPU.ActiveCfg = Debug|Any CPU
		{5108D10A-B794-488A-99CF-15B738DAC4AB}.DVD-5|Any CPU.Build.0 = Debug|Any CPU
		{5108D10A-B794-488A-99CF-15B738DAC4AB}.DVD-5|Mixed Platforms.ActiveCfg = Debug|Any CPU
		{5108D10A-B794-488A-99CF-15B738DAC4AB}.DVD-5|Mixed Platforms.Build.0 = Debug|Any CPU
		{5108D10A-B794-488A-99CF-15B738DAC4AB}.DVD-5|Win32.ActiveCfg = Debug|Any CPU
		{5108D10A-B794-488A-99CF-15B738DAC4AB}.DVD-5|x86.ActiveCfg = Debug|Any CPU
		{5108D10A-B794-488A-99CF-15B738DAC4AB}.Release|Any CPU.ActiveCfg = Release|Any CPU
		{5108D10A-B794-488A-99CF-15B738DAC4AB}.Release|Any CPU.Build.0 = Release|Any CPU
		{5108D10A-B794-488A-99CF-15B738DAC4AB}.Release|Mixed Platforms.ActiveCfg = Release|Any CPU
		{5108D10A-B794-488A-99CF-15B738DAC4AB}.Release|Mixed Platforms.Build.0 = Release|Any CPU
		{5108D10A-B794-488A-99CF-15B738DAC4AB}.Release|Win32.ActiveCfg = Release|Any CPU
		{5108D10A-B794-488A-99CF-15B738DAC4AB}.Release|x86.ActiveCfg = Release|Any CPU
		{5108D10A-B794-488A-99CF-15B738DAC4AB}.SingleImage|Any CPU.ActiveCfg = Release|Any CPU
		{5108D10A-B794-488A-99CF-15B738DAC4AB}.SingleImage|Any CPU.Build.0 = Release|Any CPU
		{5108D10A-B794-488A-99CF-15B738DAC4AB}.SingleImage|Mixed Platforms.ActiveCfg = Release|Any CPU
		{5108D10A-B794-488A-99CF-15B738DAC4AB}.SingleImage|Mixed Platforms.Build.0 = Release|Any CPU
		{5108D10A-B794-488A-99CF-15B738DAC4AB}.SingleImage|Win32.ActiveCfg = Debug|Any CPU
		{5108D10A-B794-488A-99CF-15B738DAC4AB}.SingleImage|x86.ActiveCfg = Release|Any CPU
		{A6B1BBCF-D4B9-4652-A0DA-F8F7501DC5DB}.CD_ROM|Any CPU.ActiveCfg = Release|Any CPU
		{A6B1BBCF-D4B9-4652-A0DA-F8F7501DC5DB}.CD_ROM|Any CPU.Build.0 = Release|Any CPU
		{A6B1BBCF-D4B9-4652-A0DA-F8F7501DC5DB}.CD_ROM|Mixed Platforms.ActiveCfg = Release|Any CPU
		{A6B1BBCF-D4B9-4652-A0DA-F8F7501DC5DB}.CD_ROM|Mixed Platforms.Build.0 = Release|Any CPU
		{A6B1BBCF-D4B9-4652-A0DA-F8F7501DC5DB}.CD_ROM|Win32.ActiveCfg = Debug|Any CPU
		{A6B1BBCF-D4B9-4652-A0DA-F8F7501DC5DB}.CD_ROM|x86.ActiveCfg = Release|Any CPU
		{A6B1BBCF-D4B9-4652-A0DA-F8F7501DC5DB}.Debug|Any CPU.ActiveCfg = Debug|Any CPU
		{A6B1BBCF-D4B9-4652-A0DA-F8F7501DC5DB}.Debug|Any CPU.Build.0 = Debug|Any CPU
		{A6B1BBCF-D4B9-4652-A0DA-F8F7501DC5DB}.Debug|Mixed Platforms.ActiveCfg = Debug|Any CPU
		{A6B1BBCF-D4B9-4652-A0DA-F8F7501DC5DB}.Debug|Mixed Platforms.Build.0 = Debug|Any CPU
		{A6B1BBCF-D4B9-4652-A0DA-F8F7501DC5DB}.Debug|Win32.ActiveCfg = Debug|Any CPU
		{A6B1BBCF-D4B9-4652-A0DA-F8F7501DC5DB}.Debug|x86.ActiveCfg = Debug|Any CPU
		{A6B1BBCF-D4B9-4652-A0DA-F8F7501DC5DB}.DVD-5|Any CPU.ActiveCfg = Debug|Any CPU
		{A6B1BBCF-D4B9-4652-A0DA-F8F7501DC5DB}.DVD-5|Any CPU.Build.0 = Debug|Any CPU
		{A6B1BBCF-D4B9-4652-A0DA-F8F7501DC5DB}.DVD-5|Mixed Platforms.ActiveCfg = Debug|Any CPU
		{A6B1BBCF-D4B9-4652-A0DA-F8F7501DC5DB}.DVD-5|Mixed Platforms.Build.0 = Debug|Any CPU
		{A6B1BBCF-D4B9-4652-A0DA-F8F7501DC5DB}.DVD-5|Win32.ActiveCfg = Debug|Any CPU
		{A6B1BBCF-D4B9-4652-A0DA-F8F7501DC5DB}.DVD-5|x86.ActiveCfg = Debug|Any CPU
		{A6B1BBCF-D4B9-4652-A0DA-F8F7501DC5DB}.Release|Any CPU.ActiveCfg = Release|Any CPU
		{A6B1BBCF-D4B9-4652-A0DA-F8F7501DC5DB}.Release|Any CPU.Build.0 = Release|Any CPU
		{A6B1BBCF-D4B9-4652-A0DA-F8F7501DC5DB}.Release|Mixed Platforms.ActiveCfg = Release|Any CPU
		{A6B1BBCF-D4B9-4652-A0DA-F8F7501DC5DB}.Release|Mixed Platforms.Build.0 = Release|Any CPU
		{A6B1BBCF-D4B9-4652-A0DA-F8F7501DC5DB}.Release|Win32.ActiveCfg = Release|Any CPU
		{A6B1BBCF-D4B9-4652-A0DA-F8F7501DC5DB}.Release|x86.ActiveCfg = Release|Any CPU
		{A6B1BBCF-D4B9-4652-A0DA-F8F7501DC5DB}.SingleImage|Any CPU.ActiveCfg = Release|Any CPU
		{A6B1BBCF-D4B9-4652-A0DA-F8F7501DC5DB}.SingleImage|Any CPU.Build.0 = Release|Any CPU
		{A6B1BBCF-D4B9-4652-A0DA-F8F7501DC5DB}.SingleImage|Mixed Platforms.ActiveCfg = Release|Any CPU
		{A6B1BBCF-D4B9-4652-A0DA-F8F7501DC5DB}.SingleImage|Mixed Platforms.Build.0 = Release|Any CPU
		{A6B1BBCF-D4B9-4652-A0DA-F8F7501DC5DB}.SingleImage|Win32.ActiveCfg = Debug|Any CPU
		{A6B1BBCF-D4B9-4652-A0DA-F8F7501DC5DB}.SingleImage|x86.ActiveCfg = Release|Any CPU
		{F0294DB3-E727-4594-AC52-B91D4A7B2866}.CD_ROM|Any CPU.ActiveCfg = Release|Any CPU
		{F0294DB3-E727-4594-AC52-B91D4A7B2866}.CD_ROM|Any CPU.Build.0 = Release|Any CPU
		{F0294DB3-E727-4594-AC52-B91D4A7B2866}.CD_ROM|Mixed Platforms.ActiveCfg = Release|Any CPU
		{F0294DB3-E727-4594-AC52-B91D4A7B2866}.CD_ROM|Mixed Platforms.Build.0 = Release|Any CPU
		{F0294DB3-E727-4594-AC52-B91D4A7B2866}.CD_ROM|Win32.ActiveCfg = Debug|Any CPU
		{F0294DB3-E727-4594-AC52-B91D4A7B2866}.CD_ROM|x86.ActiveCfg = Release|Any CPU
		{F0294DB3-E727-4594-AC52-B91D4A7B2866}.Debug|Any CPU.ActiveCfg = Debug|Any CPU
		{F0294DB3-E727-4594-AC52-B91D4A7B2866}.Debug|Any CPU.Build.0 = Debug|Any CPU
		{F0294DB3-E727-4594-AC52-B91D4A7B2866}.Debug|Mixed Platforms.ActiveCfg = Debug|Any CPU
		{F0294DB3-E727-4594-AC52-B91D4A7B2866}.Debug|Mixed Platforms.Build.0 = Debug|Any CPU
		{F0294DB3-E727-4594-AC52-B91D4A7B2866}.Debug|Win32.ActiveCfg = Debug|Any CPU
		{F0294DB3-E727-4594-AC52-B91D4A7B2866}.Debug|x86.ActiveCfg = Debug|Any CPU
		{F0294DB3-E727-4594-AC52-B91D4A7B2866}.DVD-5|Any CPU.ActiveCfg = Debug|Any CPU
		{F0294DB3-E727-4594-AC52-B91D4A7B2866}.DVD-5|Any CPU.Build.0 = Debug|Any CPU
		{F0294DB3-E727-4594-AC52-B91D4A7B2866}.DVD-5|Mixed Platforms.ActiveCfg = Debug|Any CPU
		{F0294DB3-E727-4594-AC52-B91D4A7B2866}.DVD-5|Mixed Platforms.Build.0 = Debug|Any CPU
		{F0294DB3-E727-4594-AC52-B91D4A7B2866}.DVD-5|Win32.ActiveCfg = Debug|Any CPU
		{F0294DB3-E727-4594-AC52-B91D4A7B2866}.DVD-5|x86.ActiveCfg = Debug|Any CPU
		{F0294DB3-E727-4594-AC52-B91D4A7B2866}.Release|Any CPU.ActiveCfg = Release|Any CPU
		{F0294DB3-E727-4594-AC52-B91D4A7B2866}.Release|Any CPU.Build.0 = Release|Any CPU
		{F0294DB3-E727-4594-AC52-B91D4A7B2866}.Release|Mixed Platforms.ActiveCfg = Release|Any CPU
		{F0294DB3-E727-4594-AC52-B91D4A7B2866}.Release|Mixed Platforms.Build.0 = Release|Any CPU
		{F0294DB3-E727-4594-AC52-B91D4A7B2866}.Release|Win32.ActiveCfg = Release|Any CPU
		{F0294DB3-E727-4594-AC52-B91D4A7B2866}.Release|x86.ActiveCfg = Release|Any CPU
		{F0294DB3-E727-4594-AC52-B91D4A7B2866}.SingleImage|Any CPU.ActiveCfg = Release|Any CPU
		{F0294DB3-E727-4594-AC52-B91D4A7B2866}.SingleImage|Any CPU.Build.0 = Release|Any CPU
		{F0294DB3-E727-4594-AC52-B91D4A7B2866}.SingleImage|Mixed Platforms.ActiveCfg = Release|Any CPU
		{F0294DB3-E727-4594-AC52-B91D4A7B2866}.SingleImage|Mixed Platforms.Build.0 = Release|Any CPU
		{F0294DB3-E727-4594-AC52-B91D4A7B2866}.SingleImage|Win32.ActiveCfg = Debug|Any CPU
		{F0294DB3-E727-4594-AC52-B91D4A7B2866}.SingleImage|x86.ActiveCfg = Release|Any CPU
		{CD220A41-9101-45DD-9204-BC50466D75F0}.CD_ROM|Any CPU.ActiveCfg = Release|Any CPU
		{CD220A41-9101-45DD-9204-BC50466D75F0}.CD_ROM|Any CPU.Build.0 = Release|Any CPU
		{CD220A41-9101-45DD-9204-BC50466D75F0}.CD_ROM|Mixed Platforms.ActiveCfg = Release|Any CPU
		{CD220A41-9101-45DD-9204-BC50466D75F0}.CD_ROM|Mixed Platforms.Build.0 = Release|Any CPU
		{CD220A41-9101-45DD-9204-BC50466D75F0}.CD_ROM|Win32.ActiveCfg = Debug|Any CPU
		{CD220A41-9101-45DD-9204-BC50466D75F0}.CD_ROM|x86.ActiveCfg = Release|Any CPU
		{CD220A41-9101-45DD-9204-BC50466D75F0}.Debug|Any CPU.ActiveCfg = Debug|Any CPU
		{CD220A41-9101-45DD-9204-BC50466D75F0}.Debug|Any CPU.Build.0 = Debug|Any CPU
		{CD220A41-9101-45DD-9204-BC50466D75F0}.Debug|Mixed Platforms.ActiveCfg = Debug|Any CPU
		{CD220A41-9101-45DD-9204-BC50466D75F0}.Debug|Mixed Platforms.Build.0 = Debug|Any CPU
		{CD220A41-9101-45DD-9204-BC50466D75F0}.Debug|Win32.ActiveCfg = Debug|Any CPU
		{CD220A41-9101-45DD-9204-BC50466D75F0}.Debug|x86.ActiveCfg = Debug|Any CPU
		{CD220A41-9101-45DD-9204-BC50466D75F0}.DVD-5|Any CPU.ActiveCfg = Debug|Any CPU
		{CD220A41-9101-45DD-9204-BC50466D75F0}.DVD-5|Any CPU.Build.0 = Debug|Any CPU
		{CD220A41-9101-45DD-9204-BC50466D75F0}.DVD-5|Mixed Platforms.ActiveCfg = Debug|Any CPU
		{CD220A41-9101-45DD-9204-BC50466D75F0}.DVD-5|Mixed Platforms.Build.0 = Debug|Any CPU
		{CD220A41-9101-45DD-9204-BC50466D75F0}.DVD-5|Win32.ActiveCfg = Debug|Any CPU
		{CD220A41-9101-45DD-9204-BC50466D75F0}.DVD-5|x86.ActiveCfg = Debug|Any CPU
		{CD220A41-9101-45DD-9204-BC50466D75F0}.Release|Any CPU.ActiveCfg = Release|Any CPU
		{CD220A41-9101-45DD-9204-BC50466D75F0}.Release|Any CPU.Build.0 = Release|Any CPU
		{CD220A41-9101-45DD-9204-BC50466D75F0}.Release|Mixed Platforms.ActiveCfg = Release|Any CPU
		{CD220A41-9101-45DD-9204-BC50466D75F0}.Release|Mixed Platforms.Build.0 = Release|Any CPU
		{CD220A41-9101-45DD-9204-BC50466D75F0}.Release|Win32.ActiveCfg = Release|Any CPU
		{CD220A41-9101-45DD-9204-BC50466D75F0}.Release|x86.ActiveCfg = Release|Any CPU
		{CD220A41-9101-45DD-9204-BC50466D75F0}.SingleImage|Any CPU.ActiveCfg = Release|Any CPU
		{CD220A41-9101-45DD-9204-BC50466D75F0}.SingleImage|Any CPU.Build.0 = Release|Any CPU
		{CD220A41-9101-45DD-9204-BC50466D75F0}.SingleImage|Mixed Platforms.ActiveCfg = Release|Any CPU
		{CD220A41-9101-45DD-9204-BC50466D75F0}.SingleImage|Mixed Platforms.Build.0 = Release|Any CPU
		{CD220A41-9101-45DD-9204-BC50466D75F0}.SingleImage|Win32.ActiveCfg = Debug|Any CPU
		{CD220A41-9101-45DD-9204-BC50466D75F0}.SingleImage|x86.ActiveCfg = Release|Any CPU
		{07AF22C5-7E8B-4D1D-B207-9F06919DDC08}.CD_ROM|Any CPU.ActiveCfg = Release|Any CPU
		{07AF22C5-7E8B-4D1D-B207-9F06919DDC08}.CD_ROM|Any CPU.Build.0 = Release|Any CPU
		{07AF22C5-7E8B-4D1D-B207-9F06919DDC08}.CD_ROM|Mixed Platforms.ActiveCfg = Release|Any CPU
		{07AF22C5-7E8B-4D1D-B207-9F06919DDC08}.CD_ROM|Mixed Platforms.Build.0 = Release|Any CPU
		{07AF22C5-7E8B-4D1D-B207-9F06919DDC08}.CD_ROM|Win32.ActiveCfg = Debug|Any CPU
		{07AF22C5-7E8B-4D1D-B207-9F06919DDC08}.CD_ROM|x86.ActiveCfg = Release|Any CPU
		{07AF22C5-7E8B-4D1D-B207-9F06919DDC08}.Debug|Any CPU.ActiveCfg = Debug|Any CPU
		{07AF22C5-7E8B-4D1D-B207-9F06919DDC08}.Debug|Any CPU.Build.0 = Debug|Any CPU
		{07AF22C5-7E8B-4D1D-B207-9F06919DDC08}.Debug|Mixed Platforms.ActiveCfg = Debug|Any CPU
		{07AF22C5-7E8B-4D1D-B207-9F06919DDC08}.Debug|Mixed Platforms.Build.0 = Debug|Any CPU
		{07AF22C5-7E8B-4D1D-B207-9F06919DDC08}.Debug|Win32.ActiveCfg = Debug|Any CPU
		{07AF22C5-7E8B-4D1D-B207-9F06919DDC08}.Debug|x86.ActiveCfg = Debug|Any CPU
		{07AF22C5-7E8B-4D1D-B207-9F06919DDC08}.DVD-5|Any CPU.ActiveCfg = Debug|Any CPU
		{07AF22C5-7E8B-4D1D-B207-9F06919DDC08}.DVD-5|Any CPU.Build.0 = Debug|Any CPU
		{07AF22C5-7E8B-4D1D-B207-9F06919DDC08}.DVD-5|Mixed Platforms.ActiveCfg = Debug|Any CPU
		{07AF22C5-7E8B-4D1D-B207-9F06919DDC08}.DVD-5|Mixed Platforms.Build.0 = Debug|Any CPU
		{07AF22C5-7E8B-4D1D-B207-9F06919DDC08}.DVD-5|Win32.ActiveCfg = Debug|Any CPU
		{07AF22C5-7E8B-4D1D-B207-9F06919DDC08}.DVD-5|x86.ActiveCfg = Debug|Any CPU
		{07AF22C5-7E8B-4D1D-B207-9F06919DDC08}.Release|Any CPU.ActiveCfg = Release|Any CPU
		{07AF22C5-7E8B-4D1D-B207-9F06919DDC08}.Release|Any CPU.Build.0 = Release|Any CPU
		{07AF22C5-7E8B-4D1D-B207-9F06919DDC08}.Release|Mixed Platforms.ActiveCfg = Release|Any CPU
		{07AF22C5-7E8B-4D1D-B207-9F06919DDC08}.Release|Mixed Platforms.Build.0 = Release|Any CPU
		{07AF22C5-7E8B-4D1D-B207-9F06919DDC08}.Release|Win32.ActiveCfg = Release|Any CPU
		{07AF22C5-7E8B-4D1D-B207-9F06919DDC08}.Release|x86.ActiveCfg = Release|Any CPU
		{07AF22C5-7E8B-4D1D-B207-9F06919DDC08}.SingleImage|Any CPU.ActiveCfg = Release|Any CPU
		{07AF22C5-7E8B-4D1D-B207-9F06919DDC08}.SingleImage|Any CPU.Build.0 = Release|Any CPU
		{07AF22C5-7E8B-4D1D-B207-9F06919DDC08}.SingleImage|Mixed Platforms.ActiveCfg = Release|Any CPU
		{07AF22C5-7E8B-4D1D-B207-9F06919DDC08}.SingleImage|Mixed Platforms.Build.0 = Release|Any CPU
		{07AF22C5-7E8B-4D1D-B207-9F06919DDC08}.SingleImage|Win32.ActiveCfg = Debug|Any CPU
		{07AF22C5-7E8B-4D1D-B207-9F06919DDC08}.SingleImage|x86.ActiveCfg = Release|Any CPU
		{BB07B757-1FBD-4CDD-A21C-21EF359C007D}.CD_ROM|Any CPU.ActiveCfg = Release|Any CPU
		{BB07B757-1FBD-4CDD-A21C-21EF359C007D}.CD_ROM|Any CPU.Build.0 = Release|Any CPU
		{BB07B757-1FBD-4CDD-A21C-21EF359C007D}.CD_ROM|Mixed Platforms.ActiveCfg = Release|Any CPU
		{BB07B757-1FBD-4CDD-A21C-21EF359C007D}.CD_ROM|Mixed Platforms.Build.0 = Release|Any CPU
		{BB07B757-1FBD-4CDD-A21C-21EF359C007D}.CD_ROM|Win32.ActiveCfg = Debug|Any CPU
		{BB07B757-1FBD-4CDD-A21C-21EF359C007D}.CD_ROM|x86.ActiveCfg = Release|Any CPU
		{BB07B757-1FBD-4CDD-A21C-21EF359C007D}.Debug|Any CPU.ActiveCfg = Debug|Any CPU
		{BB07B757-1FBD-4CDD-A21C-21EF359C007D}.Debug|Any CPU.Build.0 = Debug|Any CPU
		{BB07B757-1FBD-4CDD-A21C-21EF359C007D}.Debug|Mixed Platforms.ActiveCfg = Debug|Any CPU
		{BB07B757-1FBD-4CDD-A21C-21EF359C007D}.Debug|Mixed Platforms.Build.0 = Debug|Any CPU
		{BB07B757-1FBD-4CDD-A21C-21EF359C007D}.Debug|Win32.ActiveCfg = Debug|Any CPU
		{BB07B757-1FBD-4CDD-A21C-21EF359C007D}.Debug|x86.ActiveCfg = Debug|Any CPU
		{BB07B757-1FBD-4CDD-A21C-21EF359C007D}.DVD-5|Any CPU.ActiveCfg = Debug|Any CPU
		{BB07B757-1FBD-4CDD-A21C-21EF359C007D}.DVD-5|Any CPU.Build.0 = Debug|Any CPU
		{BB07B757-1FBD-4CDD-A21C-21EF359C007D}.DVD-5|Mixed Platforms.ActiveCfg = Debug|Any CPU
		{BB07B757-1FBD-4CDD-A21C-21EF359C007D}.DVD-5|Mixed Platforms.Build.0 = Debug|Any CPU
		{BB07B757-1FBD-4CDD-A21C-21EF359C007D}.DVD-5|Win32.ActiveCfg = Debug|Any CPU
		{BB07B757-1FBD-4CDD-A21C-21EF359C007D}.DVD-5|x86.ActiveCfg = Debug|Any CPU
		{BB07B757-1FBD-4CDD-A21C-21EF359C007D}.Release|Any CPU.ActiveCfg = Release|Any CPU
		{BB07B757-1FBD-4CDD-A21C-21EF359C007D}.Release|Any CPU.Build.0 = Release|Any CPU
		{BB07B757-1FBD-4CDD-A21C-21EF359C007D}.Release|Mixed Platforms.ActiveCfg = Release|Any CPU
		{BB07B757-1FBD-4CDD-A21C-21EF359C007D}.Release|Mixed Platforms.Build.0 = Release|Any CPU
		{BB07B757-1FBD-4CDD-A21C-21EF359C007D}.Release|Win32.ActiveCfg = Release|Any CPU
		{BB07B757-1FBD-4CDD-A21C-21EF359C007D}.Release|x86.ActiveCfg = Release|Any CPU
		{BB07B757-1FBD-4CDD-A21C-21EF359C007D}.SingleImage|Any CPU.ActiveCfg = Release|Any CPU
		{BB07B757-1FBD-4CDD-A21C-21EF359C007D}.SingleImage|Any CPU.Build.0 = Release|Any CPU
		{BB07B757-1FBD-4CDD-A21C-21EF359C007D}.SingleImage|Mixed Platforms.ActiveCfg = Release|Any CPU
		{BB07B757-1FBD-4CDD-A21C-21EF359C007D}.SingleImage|Mixed Platforms.Build.0 = Release|Any CPU
		{BB07B757-1FBD-4CDD-A21C-21EF359C007D}.SingleImage|Win32.ActiveCfg = Debug|Any CPU
		{BB07B757-1FBD-4CDD-A21C-21EF359C007D}.SingleImage|x86.ActiveCfg = Release|Any CPU
		{B7291064-3C19-4848-9DFE-3850FB231C45}.CD_ROM|Any CPU.ActiveCfg = Release|Any CPU
		{B7291064-3C19-4848-9DFE-3850FB231C45}.CD_ROM|Any CPU.Build.0 = Release|Any CPU
		{B7291064-3C19-4848-9DFE-3850FB231C45}.CD_ROM|Mixed Platforms.ActiveCfg = Release|Any CPU
		{B7291064-3C19-4848-9DFE-3850FB231C45}.CD_ROM|Mixed Platforms.Build.0 = Release|Any CPU
		{B7291064-3C19-4848-9DFE-3850FB231C45}.CD_ROM|Win32.ActiveCfg = Debug|Any CPU
		{B7291064-3C19-4848-9DFE-3850FB231C45}.CD_ROM|x86.ActiveCfg = Release|Any CPU
		{B7291064-3C19-4848-9DFE-3850FB231C45}.Debug|Any CPU.ActiveCfg = Debug|Any CPU
		{B7291064-3C19-4848-9DFE-3850FB231C45}.Debug|Any CPU.Build.0 = Debug|Any CPU
		{B7291064-3C19-4848-9DFE-3850FB231C45}.Debug|Mixed Platforms.ActiveCfg = Debug|Any CPU
		{B7291064-3C19-4848-9DFE-3850FB231C45}.Debug|Mixed Platforms.Build.0 = Debug|Any CPU
		{B7291064-3C19-4848-9DFE-3850FB231C45}.Debug|Win32.ActiveCfg = Debug|Any CPU
		{B7291064-3C19-4848-9DFE-3850FB231C45}.Debug|x86.ActiveCfg = Debug|Any CPU
		{B7291064-3C19-4848-9DFE-3850FB231C45}.DVD-5|Any CPU.ActiveCfg = Debug|Any CPU
		{B7291064-3C19-4848-9DFE-3850FB231C45}.DVD-5|Any CPU.Build.0 = Debug|Any CPU
		{B7291064-3C19-4848-9DFE-3850FB231C45}.DVD-5|Mixed Platforms.ActiveCfg = Debug|Any CPU
		{B7291064-3C19-4848-9DFE-3850FB231C45}.DVD-5|Mixed Platforms.Build.0 = Debug|Any CPU
		{B7291064-3C19-4848-9DFE-3850FB231C45}.DVD-5|Win32.ActiveCfg = Debug|Any CPU
		{B7291064-3C19-4848-9DFE-3850FB231C45}.DVD-5|x86.ActiveCfg = Debug|Any CPU
		{B7291064-3C19-4848-9DFE-3850FB231C45}.Release|Any CPU.ActiveCfg = Release|Any CPU
		{B7291064-3C19-4848-9DFE-3850FB231C45}.Release|Any CPU.Build.0 = Release|Any CPU
		{B7291064-3C19-4848-9DFE-3850FB231C45}.Release|Mixed Platforms.ActiveCfg = Release|Any CPU
		{B7291064-3C19-4848-9DFE-3850FB231C45}.Release|Mixed Platforms.Build.0 = Release|Any CPU
		{B7291064-3C19-4848-9DFE-3850FB231C45}.Release|Win32.ActiveCfg = Release|Any CPU
		{B7291064-3C19-4848-9DFE-3850FB231C45}.Release|x86.ActiveCfg = Release|Any CPU
		{B7291064-3C19-4848-9DFE-3850FB231C45}.SingleImage|Any CPU.ActiveCfg = Release|Any CPU
		{B7291064-3C19-4848-9DFE-3850FB231C45}.SingleImage|Any CPU.Build.0 = Release|Any CPU
		{B7291064-3C19-4848-9DFE-3850FB231C45}.SingleImage|Mixed Platforms.ActiveCfg = Release|Any CPU
		{B7291064-3C19-4848-9DFE-3850FB231C45}.SingleImage|Mixed Platforms.Build.0 = Release|Any CPU
		{B7291064-3C19-4848-9DFE-3850FB231C45}.SingleImage|Win32.ActiveCfg = Debug|Any CPU
		{B7291064-3C19-4848-9DFE-3850FB231C45}.SingleImage|x86.ActiveCfg = Release|Any CPU
		{CAE2B0F4-1E9D-4376-AF09-087F9C4BBD8C}.CD_ROM|Any CPU.ActiveCfg = Release|Any CPU
		{CAE2B0F4-1E9D-4376-AF09-087F9C4BBD8C}.CD_ROM|Any CPU.Build.0 = Release|Any CPU
		{CAE2B0F4-1E9D-4376-AF09-087F9C4BBD8C}.CD_ROM|Mixed Platforms.ActiveCfg = Release|Any CPU
		{CAE2B0F4-1E9D-4376-AF09-087F9C4BBD8C}.CD_ROM|Mixed Platforms.Build.0 = Release|Any CPU
		{CAE2B0F4-1E9D-4376-AF09-087F9C4BBD8C}.CD_ROM|Win32.ActiveCfg = Debug|Any CPU
		{CAE2B0F4-1E9D-4376-AF09-087F9C4BBD8C}.CD_ROM|x86.ActiveCfg = Release|Any CPU
		{CAE2B0F4-1E9D-4376-AF09-087F9C4BBD8C}.Debug|Any CPU.ActiveCfg = Debug|Any CPU
		{CAE2B0F4-1E9D-4376-AF09-087F9C4BBD8C}.Debug|Any CPU.Build.0 = Debug|Any CPU
		{CAE2B0F4-1E9D-4376-AF09-087F9C4BBD8C}.Debug|Mixed Platforms.ActiveCfg = Debug|Any CPU
		{CAE2B0F4-1E9D-4376-AF09-087F9C4BBD8C}.Debug|Mixed Platforms.Build.0 = Debug|Any CPU
		{CAE2B0F4-1E9D-4376-AF09-087F9C4BBD8C}.Debug|Win32.ActiveCfg = Debug|Any CPU
		{CAE2B0F4-1E9D-4376-AF09-087F9C4BBD8C}.Debug|x86.ActiveCfg = Debug|Any CPU
		{CAE2B0F4-1E9D-4376-AF09-087F9C4BBD8C}.DVD-5|Any CPU.ActiveCfg = Debug|Any CPU
		{CAE2B0F4-1E9D-4376-AF09-087F9C4BBD8C}.DVD-5|Any CPU.Build.0 = Debug|Any CPU
		{CAE2B0F4-1E9D-4376-AF09-087F9C4BBD8C}.DVD-5|Mixed Platforms.ActiveCfg = Debug|Any CPU
		{CAE2B0F4-1E9D-4376-AF09-087F9C4BBD8C}.DVD-5|Mixed Platforms.Build.0 = Debug|Any CPU
		{CAE2B0F4-1E9D-4376-AF09-087F9C4BBD8C}.DVD-5|Win32.ActiveCfg = Debug|Any CPU
		{CAE2B0F4-1E9D-4376-AF09-087F9C4BBD8C}.DVD-5|x86.ActiveCfg = Debug|Any CPU
		{CAE2B0F4-1E9D-4376-AF09-087F9C4BBD8C}.Release|Any CPU.ActiveCfg = Release|Any CPU
		{CAE2B0F4-1E9D-4376-AF09-087F9C4BBD8C}.Release|Any CPU.Build.0 = Release|Any CPU
		{CAE2B0F4-1E9D-4376-AF09-087F9C4BBD8C}.Release|Mixed Platforms.ActiveCfg = Release|Any CPU
		{CAE2B0F4-1E9D-4376-AF09-087F9C4BBD8C}.Release|Mixed Platforms.Build.0 = Release|Any CPU
		{CAE2B0F4-1E9D-4376-AF09-087F9C4BBD8C}.Release|Win32.ActiveCfg = Release|Any CPU
		{CAE2B0F4-1E9D-4376-AF09-087F9C4BBD8C}.Release|x86.ActiveCfg = Release|Any CPU
		{CAE2B0F4-1E9D-4376-AF09-087F9C4BBD8C}.SingleImage|Any CPU.ActiveCfg = Release|Any CPU
		{CAE2B0F4-1E9D-4376-AF09-087F9C4BBD8C}.SingleImage|Any CPU.Build.0 = Release|Any CPU
		{CAE2B0F4-1E9D-4376-AF09-087F9C4BBD8C}.SingleImage|Mixed Platforms.ActiveCfg = Release|Any CPU
		{CAE2B0F4-1E9D-4376-AF09-087F9C4BBD8C}.SingleImage|Mixed Platforms.Build.0 = Release|Any CPU
		{CAE2B0F4-1E9D-4376-AF09-087F9C4BBD8C}.SingleImage|Win32.ActiveCfg = Debug|Any CPU
		{CAE2B0F4-1E9D-4376-AF09-087F9C4BBD8C}.SingleImage|x86.ActiveCfg = Release|Any CPU
		{5953300D-C338-480D-AB09-F290B115C48A}.CD_ROM|Any CPU.ActiveCfg = Release|Any CPU
		{5953300D-C338-480D-AB09-F290B115C48A}.CD_ROM|Any CPU.Build.0 = Release|Any CPU
		{5953300D-C338-480D-AB09-F290B115C48A}.CD_ROM|Mixed Platforms.ActiveCfg = Release|Any CPU
		{5953300D-C338-480D-AB09-F290B115C48A}.CD_ROM|Mixed Platforms.Build.0 = Release|Any CPU
		{5953300D-C338-480D-AB09-F290B115C48A}.CD_ROM|Win32.ActiveCfg = Debug|Any CPU
		{5953300D-C338-480D-AB09-F290B115C48A}.CD_ROM|x86.ActiveCfg = Release|Any CPU
		{5953300D-C338-480D-AB09-F290B115C48A}.Debug|Any CPU.ActiveCfg = Debug|Any CPU
		{5953300D-C338-480D-AB09-F290B115C48A}.Debug|Any CPU.Build.0 = Debug|Any CPU
		{5953300D-C338-480D-AB09-F290B115C48A}.Debug|Mixed Platforms.ActiveCfg = Debug|Any CPU
		{5953300D-C338-480D-AB09-F290B115C48A}.Debug|Mixed Platforms.Build.0 = Debug|Any CPU
		{5953300D-C338-480D-AB09-F290B115C48A}.Debug|Win32.ActiveCfg = Debug|Any CPU
		{5953300D-C338-480D-AB09-F290B115C48A}.Debug|x86.ActiveCfg = Debug|Any CPU
		{5953300D-C338-480D-AB09-F290B115C48A}.DVD-5|Any CPU.ActiveCfg = Debug|Any CPU
		{5953300D-C338-480D-AB09-F290B115C48A}.DVD-5|Any CPU.Build.0 = Debug|Any CPU
		{5953300D-C338-480D-AB09-F290B115C48A}.DVD-5|Mixed Platforms.ActiveCfg = Debug|Any CPU
		{5953300D-C338-480D-AB09-F290B115C48A}.DVD-5|Mixed Platforms.Build.0 = Debug|Any CPU
		{5953300D-C338-480D-AB09-F290B115C48A}.DVD-5|Win32.ActiveCfg = Debug|Any CPU
		{5953300D-C338-480D-AB09-F290B115C48A}.DVD-5|x86.ActiveCfg = Debug|Any CPU
		{5953300D-C338-480D-AB09-F290B115C48A}.Release|Any CPU.ActiveCfg = Release|Any CPU
		{5953300D-C338-480D-AB09-F290B115C48A}.Release|Any CPU.Build.0 = Release|Any CPU
		{5953300D-C338-480D-AB09-F290B115C48A}.Release|Mixed Platforms.ActiveCfg = Release|Any CPU
		{5953300D-C338-480D-AB09-F290B115C48A}.Release|Mixed Platforms.Build.0 = Release|Any CPU
		{5953300D-C338-480D-AB09-F290B115C48A}.Release|Win32.ActiveCfg = Release|Any CPU
		{5953300D-C338-480D-AB09-F290B115C48A}.Release|x86.ActiveCfg = Release|Any CPU
		{5953300D-C338-480D-AB09-F290B115C48A}.SingleImage|Any CPU.ActiveCfg = Release|Any CPU
		{5953300D-C338-480D-AB09-F290B115C48A}.SingleImage|Any CPU.Build.0 = Release|Any CPU
		{5953300D-C338-480D-AB09-F290B115C48A}.SingleImage|Mixed Platforms.ActiveCfg = Release|Any CPU
		{5953300D-C338-480D-AB09-F290B115C48A}.SingleImage|Mixed Platforms.Build.0 = Release|Any CPU
		{5953300D-C338-480D-AB09-F290B115C48A}.SingleImage|Win32.ActiveCfg = Debug|Any CPU
		{5953300D-C338-480D-AB09-F290B115C48A}.SingleImage|x86.ActiveCfg = Release|Any CPU
		{2E1A8938-FB36-476F-A6EB-75C51AF5D6F5}.CD_ROM|Any CPU.ActiveCfg = Release|Win32
		{2E1A8938-FB36-476F-A6EB-75C51AF5D6F5}.CD_ROM|Mixed Platforms.ActiveCfg = Release|Win32
		{2E1A8938-FB36-476F-A6EB-75C51AF5D6F5}.CD_ROM|Mixed Platforms.Build.0 = Release|Win32
		{2E1A8938-FB36-476F-A6EB-75C51AF5D6F5}.CD_ROM|Win32.ActiveCfg = Release|Win32
		{2E1A8938-FB36-476F-A6EB-75C51AF5D6F5}.CD_ROM|Win32.Build.0 = Release|Win32
		{2E1A8938-FB36-476F-A6EB-75C51AF5D6F5}.CD_ROM|x86.ActiveCfg = Release|Win32
		{2E1A8938-FB36-476F-A6EB-75C51AF5D6F5}.CD_ROM|x86.Build.0 = Release|Win32
		{2E1A8938-FB36-476F-A6EB-75C51AF5D6F5}.Debug|Any CPU.ActiveCfg = Debug|Win32
		{2E1A8938-FB36-476F-A6EB-75C51AF5D6F5}.Debug|Mixed Platforms.ActiveCfg = Debug|Win32
		{2E1A8938-FB36-476F-A6EB-75C51AF5D6F5}.Debug|Mixed Platforms.Build.0 = Debug|Win32
		{2E1A8938-FB36-476F-A6EB-75C51AF5D6F5}.Debug|Win32.ActiveCfg = Debug|Win32
		{2E1A8938-FB36-476F-A6EB-75C51AF5D6F5}.Debug|Win32.Build.0 = Debug|Win32
		{2E1A8938-FB36-476F-A6EB-75C51AF5D6F5}.Debug|x86.ActiveCfg = Debug|Win32
		{2E1A8938-FB36-476F-A6EB-75C51AF5D6F5}.Debug|x86.Build.0 = Debug|Win32
		{2E1A8938-FB36-476F-A6EB-75C51AF5D6F5}.DVD-5|Any CPU.ActiveCfg = Debug|Win32
		{2E1A8938-FB36-476F-A6EB-75C51AF5D6F5}.DVD-5|Mixed Platforms.ActiveCfg = Debug|Win32
		{2E1A8938-FB36-476F-A6EB-75C51AF5D6F5}.DVD-5|Mixed Platforms.Build.0 = Debug|Win32
		{2E1A8938-FB36-476F-A6EB-75C51AF5D6F5}.DVD-5|Win32.ActiveCfg = Debug|Win32
		{2E1A8938-FB36-476F-A6EB-75C51AF5D6F5}.DVD-5|Win32.Build.0 = Debug|Win32
		{2E1A8938-FB36-476F-A6EB-75C51AF5D6F5}.DVD-5|x86.ActiveCfg = Debug|Win32
		{2E1A8938-FB36-476F-A6EB-75C51AF5D6F5}.DVD-5|x86.Build.0 = Debug|Win32
		{2E1A8938-FB36-476F-A6EB-75C51AF5D6F5}.Release|Any CPU.ActiveCfg = Release|Win32
		{2E1A8938-FB36-476F-A6EB-75C51AF5D6F5}.Release|Mixed Platforms.ActiveCfg = Release|Win32
		{2E1A8938-FB36-476F-A6EB-75C51AF5D6F5}.Release|Mixed Platforms.Build.0 = Release|Win32
		{2E1A8938-FB36-476F-A6EB-75C51AF5D6F5}.Release|Win32.ActiveCfg = Release|Win32
		{2E1A8938-FB36-476F-A6EB-75C51AF5D6F5}.Release|Win32.Build.0 = Release|Win32
		{2E1A8938-FB36-476F-A6EB-75C51AF5D6F5}.Release|x86.ActiveCfg = Release|Win32
		{2E1A8938-FB36-476F-A6EB-75C51AF5D6F5}.Release|x86.Build.0 = Release|Win32
		{2E1A8938-FB36-476F-A6EB-75C51AF5D6F5}.SingleImage|Any CPU.ActiveCfg = Release|Win32
		{2E1A8938-FB36-476F-A6EB-75C51AF5D6F5}.SingleImage|Mixed Platforms.ActiveCfg = Release|Win32
		{2E1A8938-FB36-476F-A6EB-75C51AF5D6F5}.SingleImage|Mixed Platforms.Build.0 = Release|Win32
		{2E1A8938-FB36-476F-A6EB-75C51AF5D6F5}.SingleImage|Win32.ActiveCfg = Release|Win32
		{2E1A8938-FB36-476F-A6EB-75C51AF5D6F5}.SingleImage|Win32.Build.0 = Release|Win32
		{2E1A8938-FB36-476F-A6EB-75C51AF5D6F5}.SingleImage|x86.ActiveCfg = Release|Win32
		{2E1A8938-FB36-476F-A6EB-75C51AF5D6F5}.SingleImage|x86.Build.0 = Release|Win32
		{F5B2B1FB-326F-4B97-AE5D-0CAAFA4D55B4}.CD_ROM|Any CPU.ActiveCfg = Release|Win32
		{F5B2B1FB-326F-4B97-AE5D-0CAAFA4D55B4}.CD_ROM|Mixed Platforms.ActiveCfg = Release|Win32
		{F5B2B1FB-326F-4B97-AE5D-0CAAFA4D55B4}.CD_ROM|Mixed Platforms.Build.0 = Release|Win32
		{F5B2B1FB-326F-4B97-AE5D-0CAAFA4D55B4}.CD_ROM|Win32.ActiveCfg = Release|Win32
		{F5B2B1FB-326F-4B97-AE5D-0CAAFA4D55B4}.CD_ROM|Win32.Build.0 = Release|Win32
		{F5B2B1FB-326F-4B97-AE5D-0CAAFA4D55B4}.CD_ROM|x86.ActiveCfg = Release|Win32
		{F5B2B1FB-326F-4B97-AE5D-0CAAFA4D55B4}.CD_ROM|x86.Build.0 = Release|Win32
		{F5B2B1FB-326F-4B97-AE5D-0CAAFA4D55B4}.Debug|Any CPU.ActiveCfg = Debug|Win32
		{F5B2B1FB-326F-4B97-AE5D-0CAAFA4D55B4}.Debug|Mixed Platforms.ActiveCfg = Debug|Win32
		{F5B2B1FB-326F-4B97-AE5D-0CAAFA4D55B4}.Debug|Mixed Platforms.Build.0 = Debug|Win32
		{F5B2B1FB-326F-4B97-AE5D-0CAAFA4D55B4}.Debug|Win32.ActiveCfg = Debug|Win32
		{F5B2B1FB-326F-4B97-AE5D-0CAAFA4D55B4}.Debug|Win32.Build.0 = Debug|Win32
		{F5B2B1FB-326F-4B97-AE5D-0CAAFA4D55B4}.Debug|x86.ActiveCfg = Debug|Win32
		{F5B2B1FB-326F-4B97-AE5D-0CAAFA4D55B4}.Debug|x86.Build.0 = Debug|Win32
		{F5B2B1FB-326F-4B97-AE5D-0CAAFA4D55B4}.DVD-5|Any CPU.ActiveCfg = Debug|Win32
		{F5B2B1FB-326F-4B97-AE5D-0CAAFA4D55B4}.DVD-5|Mixed Platforms.ActiveCfg = Debug|Win32
		{F5B2B1FB-326F-4B97-AE5D-0CAAFA4D55B4}.DVD-5|Mixed Platforms.Build.0 = Debug|Win32
		{F5B2B1FB-326F-4B97-AE5D-0CAAFA4D55B4}.DVD-5|Win32.ActiveCfg = Debug|Win32
		{F5B2B1FB-326F-4B97-AE5D-0CAAFA4D55B4}.DVD-5|Win32.Build.0 = Debug|Win32
		{F5B2B1FB-326F-4B97-AE5D-0CAAFA4D55B4}.DVD-5|x86.ActiveCfg = Debug|Win32
		{F5B2B1FB-326F-4B97-AE5D-0CAAFA4D55B4}.DVD-5|x86.Build.0 = Debug|Win32
		{F5B2B1FB-326F-4B97-AE5D-0CAAFA4D55B4}.Release|Any CPU.ActiveCfg = Release|Win32
		{F5B2B1FB-326F-4B97-AE5D-0CAAFA4D55B4}.Release|Mixed Platforms.ActiveCfg = Release|Win32
		{F5B2B1FB-326F-4B97-AE5D-0CAAFA4D55B4}.Release|Mixed Platforms.Build.0 = Release|Win32
		{F5B2B1FB-326F-4B97-AE5D-0CAAFA4D55B4}.Release|Win32.ActiveCfg = Release|Win32
		{F5B2B1FB-326F-4B97-AE5D-0CAAFA4D55B4}.Release|Win32.Build.0 = Release|Win32
		{F5B2B1FB-326F-4B97-AE5D-0CAAFA4D55B4}.Release|x86.ActiveCfg = Release|Win32
		{F5B2B1FB-326F-4B97-AE5D-0CAAFA4D55B4}.Release|x86.Build.0 = Release|Win32
		{F5B2B1FB-326F-4B97-AE5D-0CAAFA4D55B4}.SingleImage|Any CPU.ActiveCfg = Release|Win32
		{F5B2B1FB-326F-4B97-AE5D-0CAAFA4D55B4}.SingleImage|Mixed Platforms.ActiveCfg = Release|Win32
		{F5B2B1FB-326F-4B97-AE5D-0CAAFA4D55B4}.SingleImage|Mixed Platforms.Build.0 = Release|Win32
		{F5B2B1FB-326F-4B97-AE5D-0CAAFA4D55B4}.SingleImage|Win32.ActiveCfg = Release|Win32
		{F5B2B1FB-326F-4B97-AE5D-0CAAFA4D55B4}.SingleImage|Win32.Build.0 = Release|Win32
		{F5B2B1FB-326F-4B97-AE5D-0CAAFA4D55B4}.SingleImage|x86.ActiveCfg = Release|Win32
		{F5B2B1FB-326F-4B97-AE5D-0CAAFA4D55B4}.SingleImage|x86.Build.0 = Release|Win32
		{5B8EA4BD-5C23-44F0-8A99-5711A818D247}.CD_ROM|Any CPU.ActiveCfg = Release|Any CPU
		{5B8EA4BD-5C23-44F0-8A99-5711A818D247}.CD_ROM|Any CPU.Build.0 = Release|Any CPU
		{5B8EA4BD-5C23-44F0-8A99-5711A818D247}.CD_ROM|Mixed Platforms.ActiveCfg = Release|Any CPU
		{5B8EA4BD-5C23-44F0-8A99-5711A818D247}.CD_ROM|Mixed Platforms.Build.0 = Release|Any CPU
		{5B8EA4BD-5C23-44F0-8A99-5711A818D247}.CD_ROM|Win32.ActiveCfg = Release|Any CPU
		{5B8EA4BD-5C23-44F0-8A99-5711A818D247}.CD_ROM|x86.ActiveCfg = Release|Any CPU
		{5B8EA4BD-5C23-44F0-8A99-5711A818D247}.Debug|Any CPU.ActiveCfg = Debug|Any CPU
		{5B8EA4BD-5C23-44F0-8A99-5711A818D247}.Debug|Any CPU.Build.0 = Debug|Any CPU
		{5B8EA4BD-5C23-44F0-8A99-5711A818D247}.Debug|Mixed Platforms.ActiveCfg = Debug|Any CPU
		{5B8EA4BD-5C23-44F0-8A99-5711A818D247}.Debug|Mixed Platforms.Build.0 = Debug|Any CPU
		{5B8EA4BD-5C23-44F0-8A99-5711A818D247}.Debug|Win32.ActiveCfg = Debug|Any CPU
		{5B8EA4BD-5C23-44F0-8A99-5711A818D247}.Debug|x86.ActiveCfg = Debug|Any CPU
		{5B8EA4BD-5C23-44F0-8A99-5711A818D247}.DVD-5|Any CPU.ActiveCfg = Debug|Any CPU
		{5B8EA4BD-5C23-44F0-8A99-5711A818D247}.DVD-5|Any CPU.Build.0 = Debug|Any CPU
		{5B8EA4BD-5C23-44F0-8A99-5711A818D247}.DVD-5|Mixed Platforms.ActiveCfg = Debug|Any CPU
		{5B8EA4BD-5C23-44F0-8A99-5711A818D247}.DVD-5|Mixed Platforms.Build.0 = Debug|Any CPU
		{5B8EA4BD-5C23-44F0-8A99-5711A818D247}.DVD-5|Win32.ActiveCfg = Debug|Any CPU
		{5B8EA4BD-5C23-44F0-8A99-5711A818D247}.DVD-5|x86.ActiveCfg = Debug|Any CPU
		{5B8EA4BD-5C23-44F0-8A99-5711A818D247}.Release|Any CPU.ActiveCfg = Release|Any CPU
		{5B8EA4BD-5C23-44F0-8A99-5711A818D247}.Release|Any CPU.Build.0 = Release|Any CPU
		{5B8EA4BD-5C23-44F0-8A99-5711A818D247}.Release|Mixed Platforms.ActiveCfg = Release|Any CPU
		{5B8EA4BD-5C23-44F0-8A99-5711A818D247}.Release|Mixed Platforms.Build.0 = Release|Any CPU
		{5B8EA4BD-5C23-44F0-8A99-5711A818D247}.Release|Win32.ActiveCfg = Release|Any CPU
		{5B8EA4BD-5C23-44F0-8A99-5711A818D247}.Release|x86.ActiveCfg = Release|Any CPU
		{5B8EA4BD-5C23-44F0-8A99-5711A818D247}.SingleImage|Any CPU.ActiveCfg = Release|Any CPU
		{5B8EA4BD-5C23-44F0-8A99-5711A818D247}.SingleImage|Any CPU.Build.0 = Release|Any CPU
		{5B8EA4BD-5C23-44F0-8A99-5711A818D247}.SingleImage|Mixed Platforms.ActiveCfg = Release|Any CPU
		{5B8EA4BD-5C23-44F0-8A99-5711A818D247}.SingleImage|Mixed Platforms.Build.0 = Release|Any CPU
		{5B8EA4BD-5C23-44F0-8A99-5711A818D247}.SingleImage|Win32.ActiveCfg = Release|Any CPU
		{5B8EA4BD-5C23-44F0-8A99-5711A818D247}.SingleImage|x86.ActiveCfg = Release|Any CPU
	EndGlobalSection
	GlobalSection(SolutionProperties) = preSolution
		HideSolutionNode = FALSE
	EndGlobalSection
EndGlobal
