<?xml version="1.0" encoding="utf-8"?>
<Project ToolsVersion="4.0" xmlns="http://schemas.microsoft.com/developer/msbuild/2003">
  <ItemGroup>
    <Filter Include="源文件">
      <UniqueIdentifier>{4FC737F1-C7A5-4376-A066-2A32D752A2FF}</UniqueIdentifier>
      <Extensions>cpp;c;cc;cxx;def;odl;idl;hpj;bat;asm;asmx</Extensions>
    </Filter>
    <Filter Include="头文件">
      <UniqueIdentifier>{93995380-89BD-4b04-88EB-625FBE52EBFB}</UniqueIdentifier>
      <Extensions>h;hpp;hxx;hm;inl;inc;xsd</Extensions>
    </Filter>
    <Filter Include="资源文件">
      <UniqueIdentifier>{67DA6AB6-F800-4c08-8B7A-83BB121AAD01}</UniqueIdentifier>
      <Extensions>rc;ico;cur;bmp;dlg;rc2;rct;bin;rgs;gif;jpg;jpeg;jpe;resx;tiff;tif;png;wav</Extensions>
    </Filter>
    <Filter Include="CardLib">
      <UniqueIdentifier>{7fcc0261-c2d4-4f35-bb8d-5e115f7db473}</UniqueIdentifier>
    </Filter>
    <Filter Include="Inclulde">
      <UniqueIdentifier>{961f57c7-7c0a-470a-bfd4-7f5ceda880c3}</UniqueIdentifier>
    </Filter>
    <Filter Include="CommonCPP">
      <UniqueIdentifier>{54e2154f-be68-4bc5-b7c5-b3494685dc43}</UniqueIdentifier>
    </Filter>
    <Filter Include="ExCtrlCard">
      <UniqueIdentifier>{aa700577-f232-4798-9fd8-a9e924b0a345}</UniqueIdentifier>
    </Filter>
    <Filter Include="ExCtrlCard\AI">
      <UniqueIdentifier>{5381d7c8-3b1b-4bb1-97cc-fb0e8f30e573}</UniqueIdentifier>
    </Filter>
    <Filter Include="ExCtrlCard\DO">
      <UniqueIdentifier>{3c4d72cf-a94b-43f4-b319-02d2faeafa2a}</UniqueIdentifier>
    </Filter>
    <Filter Include="ExCtrlCard\CNT">
      <UniqueIdentifier>{8e12dbca-66c3-43b2-932d-1b7e31020b86}</UniqueIdentifier>
    </Filter>
    <Filter Include="ExCtrlCard\AO">
      <UniqueIdentifier>{221cb644-48ff-443f-a2a8-566bc1cce5a6}</UniqueIdentifier>
    </Filter>
  </ItemGroup>
  <ItemGroup>
    <ClCompile Include="GM_Lib.cpp">
      <Filter>源文件</Filter>
    </ClCompile>
    <ClCompile Include="stdafx.cpp">
      <Filter>源文件</Filter>
    </ClCompile>
    <ClCompile Include="CardCtrl.cpp">
      <Filter>ExCtrlCard</Filter>
    </ClCompile>
    <ClCompile Include="PXI6416_DO.cpp">
      <Filter>ExCtrlCard\DO</Filter>
    </ClCompile>
    <ClCompile Include="DO_All.cpp">
      <Filter>ExCtrlCard\DO</Filter>
    </ClCompile>
    <ClCompile Include="CNT_ALL.cpp">
      <Filter>ExCtrlCard\CNT</Filter>
    </ClCompile>
    <ClCompile Include="PXI6435D_CNT.cpp">
      <Filter>ExCtrlCard\CNT</Filter>
    </ClCompile>
    <ClCompile Include="PXI6860_AO.cpp">
      <Filter>ExCtrlCard\AO</Filter>
    </ClCompile>
    <ClCompile Include="PXI8265_AI.cpp">
      <Filter>ExCtrlCard\AI</Filter>
    </ClCompile>
    <ClCompile Include="All_AI.cpp">
      <Filter>ExCtrlCard\AI</Filter>
    </ClCompile>
    <ClCompile Include="PXI8265_AO.cpp">
      <Filter>ExCtrlCard\AO</Filter>
    </ClCompile>
    <ClCompile Include="PXI8265_CNT.cpp">
      <Filter>ExCtrlCard\CNT</Filter>
    </ClCompile>
    <ClCompile Include="PXI8265_DO.cpp">
      <Filter>ExCtrlCard\DO</Filter>
    </ClCompile>
    <ClCompile Include="PXI8265_Total.cpp">
      <Filter>ExCtrlCard</Filter>
    </ClCompile>
    <ClCompile Include="AO_ALL.cpp">
      <Filter>ExCtrlCard\AO</Filter>
    </ClCompile>
  </ItemGroup>
  <ItemGroup>
    <None Include="GM_Lib.def">
      <Filter>源文件</Filter>
    </None>
    <None Include="res\GM_Lib.rc2">
      <Filter>资源文件</Filter>
    </None>
  </ItemGroup>
  <ItemGroup>
    <ClInclude Include="GM_Lib.h">
      <Filter>头文件</Filter>
    </ClInclude>
    <ClInclude Include="Resource.h">
      <Filter>头文件</Filter>
    </ClInclude>
    <ClInclude Include="stdafx.h">
      <Filter>头文件</Filter>
    </ClInclude>
    <ClInclude Include="targetver.h">
      <Filter>头文件</Filter>
    </ClInclude>
    <ClInclude Include="CardCtrl.h">
      <Filter>ExCtrlCard</Filter>
    </ClInclude>
    <ClInclude Include="IBaseHead.h">
      <Filter>Inclulde</Filter>
    </ClInclude>
    <ClInclude Include="ProjectDef.h">
      <Filter>Inclulde</Filter>
    </ClInclude>
    <ClInclude Include="UserDef.h">
      <Filter>Inclulde</Filter>
    </ClInclude>
    <ClInclude Include="CardLib\PXI6416.h">
      <Filter>CardLib</Filter>
    </ClInclude>
    <ClInclude Include="CardLib\PXI6435D.h">
      <Filter>CardLib</Filter>
    </ClInclude>
    <ClInclude Include="PXI6416_DO.h">
      <Filter>ExCtrlCard\DO</Filter>
    </ClInclude>
    <ClInclude Include="DO_All.h">
      <Filter>ExCtrlCard\DO</Filter>
    </ClInclude>
    <ClInclude Include="CNT_ALL.h">
      <Filter>ExCtrlCard\CNT</Filter>
    </ClInclude>
    <ClInclude Include="PXI6435D_CNT.h">
      <Filter>ExCtrlCard\CNT</Filter>
    </ClInclude>
    <ClInclude Include="CardLib\PXI6860.h">
      <Filter>CardLib</Filter>
    </ClInclude>
    <ClInclude Include="PXI6860_AO.h">
      <Filter>ExCtrlCard\AO</Filter>
    </ClInclude>
    <ClInclude Include="PXI8265_AI.h">
      <Filter>ExCtrlCard\AI</Filter>
    </ClInclude>
    <ClInclude Include="All_AI.h">
      <Filter>ExCtrlCard\AI</Filter>
    </ClInclude>
    <ClInclude Include="CardLib\PXI8265.h">
      <Filter>CardLib</Filter>
    </ClInclude>
    <ClInclude Include="PXI8265_AO.h">
      <Filter>ExCtrlCard\AO</Filter>
    </ClInclude>
    <ClInclude Include="PXI8265_CNT.h">
      <Filter>ExCtrlCard\CNT</Filter>
    </ClInclude>
    <ClInclude Include="PXI8265_DO.h">
      <Filter>ExCtrlCard\DO</Filter>
    </ClInclude>
    <ClInclude Include="PXI8265_Total.h">
      <Filter>ExCtrlCard</Filter>
    </ClInclude>
    <ClInclude Include="AO_ALL.h">
      <Filter>ExCtrlCard\AO</Filter>
    </ClInclude>
  </ItemGroup>
  <ItemGroup>
    <ResourceCompile Include="GM_Lib.rc">
      <Filter>资源文件</Filter>
    </ResourceCompile>
  </ItemGroup>
  <ItemGroup>
    <Text Include="ReadMe.txt" />
  </ItemGroup>
</Project>